
Microsoft Visual Studio Solution File, Format Version 12.00
# Visual Studio Version 16
VisualStudioVersion = 16.0.30204.135
MinimumVisualStudioVersion = 10.0.40219.1
Project("{FAE04EC0-301F-11D3-BF4B-00C04F79EFBC}") = "Scrabble Score Calculator", "Scrabble Score Calculator\Scrabble Score Calculator.csproj", "{459BA693-22A2-4716-8C49-5F00D9CCCB3B}"
EndProject
Global
	GlobalSection(SolutionConfigurationPlatforms) = preSolution
		Debug|Any CPU = Debug|Any CPU
		Release|Any CPU = Release|Any CPU
	EndGlobalSection
	GlobalSection(ProjectConfigurationPlatforms) = postSolution
		{459BA693-22A2-4716-8C49-5F00D9CCCB3B}.Debug|Any CPU.ActiveCfg = Debug|Any CPU
		{459BA693-22A2-4716-8C49-5F00D9CCCB3B}.Debug|Any CPU.Build.0 = Debug|Any CPU
		{459BA693-22A2-4716-8C49-5F00D9CCCB3B}.Release|Any CPU.ActiveCfg = Release|Any CPU
		{459BA693-22A2-4716-8C49-5F00D9CCCB3B}.Release|Any CPU.Build.0 = Release|Any CPU
	EndGlobalSection
	GlobalSection(SolutionProperties) = preSolution
		HideSolutionNode = FALSE
	EndGlobalSection
	GlobalSection(ExtensibilityGlobals) = postSolution
		SolutionGuid = {24E28E49-F336-441E-A4D0-82309AE73CF7}
	EndGlobalSection
EndGlobal
