
Microsoft Visual Studio Solution File, Format Version 12.00
# Visual Studio Version 16
VisualStudioVersion = 16.0.30204.135
MinimumVisualStudioVersion = 10.0.40219.1
Project("{FAE04EC0-301F-11D3-BF4B-00C04F79EFBC}") = "Calculate The Distance", "Calculate The Distance\Calculate The Distance.csproj", "{4531DB41-768F-4688-870A-80EDB0AD2456}"
EndProject
Global
	GlobalSection(SolutionConfigurationPlatforms) = preSolution
		Debug|Any CPU = Debug|Any CPU
		Release|Any CPU = Release|Any CPU
	EndGlobalSection
	GlobalSection(ProjectConfigurationPlatforms) = postSolution
		{4531DB41-768F-4688-870A-80EDB0AD2456}.Debug|Any CPU.ActiveCfg = Debug|Any CPU
		{4531DB41-768F-4688-870A-80EDB0AD2456}.Debug|Any CPU.Build.0 = Debug|Any CPU
		{4531DB41-768F-4688-870A-80EDB0AD2456}.Release|Any CPU.ActiveCfg = Release|Any CPU
		{4531DB41-768F-4688-870A-80EDB0AD2456}.Release|Any CPU.Build.0 = Release|Any CPU
	EndGlobalSection
	GlobalSection(SolutionProperties) = preSolution
		HideSolutionNode = FALSE
	EndGlobalSection
	GlobalSection(ExtensibilityGlobals) = postSolution
		SolutionGuid = {BCE7A9A4-2F92-47E8-9DBD-DD58207D75A8}
	EndGlobalSection
EndGlobal
